// !$*UTF8*$!
{
	archiveVersion = 1;
	classes = {
	};
	objectVersion = 56;
	objects = {

/* Begin PBXBuildFile section */
		1842FDD32B2D862100FEEB84 /* LandmarksApp.swift in Sources */ = {isa = PBXBuildFile; fileRef = 1842FDD22B2D862100FEEB84 /* LandmarksApp.swift */; };
		1842FDD52B2D862100FEEB84 /* ContentView.swift in Sources */ = {isa = PBXBuildFile; fileRef = 1842FDD42B2D862100FEEB84 /* ContentView.swift */; };
		1842FDD72B2D862200FEEB84 /* Assets.xcassets in Resources */ = {isa = PBXBuildFile; fileRef = 1842FDD62B2D862200FEEB84 /* Assets.xcassets */; };
		1842FDDA2B2D862200FEEB84 /* Preview Assets.xcassets in Resources */ = {isa = PBXBuildFile; fileRef = 1842FDD92B2D862200FEEB84 /* Preview Assets.xcassets */; };
		1859066C2B2FDBDE004B2EAC /* Landmark.swift in Sources */ = {isa = PBXBuildFile; fileRef = 1859066B2B2FDBDE004B2EAC /* Landmark.swift */; };
		1859066E2B2FDE23004B2EAC /* ModelData.swift in Sources */ = {isa = PBXBuildFile; fileRef = 1859066D2B2FDE23004B2EAC /* ModelData.swift */; };
		185906742B2FE12C004B2EAC /* LandmarkRow.swift in Sources */ = {isa = PBXBuildFile; fileRef = 185906732B2FE12C004B2EAC /* LandmarkRow.swift */; };
		185906792B2FE622004B2EAC /* landmarkData.json in Resources */ = {isa = PBXBuildFile; fileRef = 185906772B2FE3E3004B2EAC /* landmarkData.json */; };
		1859067D2B2FEE51004B2EAC /* LandmarkList.swift in Sources */ = {isa = PBXBuildFile; fileRef = 1859067C2B2FEE51004B2EAC /* LandmarkList.swift */; };
		1859067F2B2FEF52004B2EAC /* LandmarkDetail.swift in Sources */ = {isa = PBXBuildFile; fileRef = 1859067E2B2FEF52004B2EAC /* LandmarkDetail.swift */; };
		185906812B3011BD004B2EAC /* FavoriteButton.swift in Sources */ = {isa = PBXBuildFile; fileRef = 185906802B3011BD004B2EAC /* FavoriteButton.swift */; };
		186BB0852B2FCBAD0081B53A /* CircleImge.swift in Sources */ = {isa = PBXBuildFile; fileRef = 186BB0842B2FCBAD0081B53A /* CircleImge.swift */; };
		186BB0872B2FCCBB0081B53A /* MapView.swift in Sources */ = {isa = PBXBuildFile; fileRef = 186BB0862B2FCCBB0081B53A /* MapView.swift */; };
		18DF1E492B3F483400491FEC /* HexagonParameters.swift in Sources */ = {isa = PBXBuildFile; fileRef = 18DF1E482B3F483400491FEC /* HexagonParameters.swift */; };
		18DF1E4B2B3F4AED00491FEC /* BadgeBackground.swift in Sources */ = {isa = PBXBuildFile; fileRef = 18DF1E4A2B3F4AED00491FEC /* BadgeBackground.swift */; };
/* End PBXBuildFile section */

/* Begin PBXFileReference section */
		1842FDCF2B2D862100FEEB84 /* Landmarks.app */ = {isa = PBXFileReference; explicitFileType = wrapper.application; includeInIndex = 0; path = Landmarks.app; sourceTree = BUILT_PRODUCTS_DIR; };
		1842FDD22B2D862100FEEB84 /* LandmarksApp.swift */ = {isa = PBXFileReference; lastKnownFileType = sourcecode.swift; path = LandmarksApp.swift; sourceTree = "<group>"; };
		1842FDD42B2D862100FEEB84 /* ContentView.swift */ = {isa = PBXFileReference; lastKnownFileType = sourcecode.swift; path = ContentView.swift; sourceTree = "<group>"; };
		1842FDD62B2D862200FEEB84 /* Assets.xcassets */ = {isa = PBXFileReference; lastKnownFileType = folder.assetcatalog; path = Assets.xcassets; sourceTree = "<group>"; };
		1842FDD92B2D862200FEEB84 /* Preview Assets.xcassets */ = {isa = PBXFileReference; lastKnownFileType = folder.assetcatalog; path = "Preview Assets.xcassets"; sourceTree = "<group>"; };
		185906612B2FDB09004B2EAC /* landmarkData.json */ = {isa = PBXFileReference; fileEncoding = 4; lastKnownFileType = text.json; path = landmarkData.json; sourceTree = "<group>"; };
		185906632B2FDB27004B2EAC /* landmarkData.json */ = {isa = PBXFileReference; fileEncoding = 4; lastKnownFileType = text.json; name = landmarkData.json; path = ../../../../../Downloads/BuildingListsAndNavigation/Resources/landmarkData.json; sourceTree = "<group>"; };
		185906652B2FDB33004B2EAC /* landmarkData.json */ = {isa = PBXFileReference; fileEncoding = 4; lastKnownFileType = text.json; name = landmarkData.json; path = ../../../../../Downloads/BuildingListsAndNavigation/Resources/landmarkData.json; sourceTree = "<group>"; };
		1859066B2B2FDBDE004B2EAC /* Landmark.swift */ = {isa = PBXFileReference; lastKnownFileType = sourcecode.swift; path = Landmark.swift; sourceTree = "<group>"; };
		1859066D2B2FDE23004B2EAC /* ModelData.swift */ = {isa = PBXFileReference; lastKnownFileType = sourcecode.swift; path = ModelData.swift; sourceTree = "<group>"; };
		185906732B2FE12C004B2EAC /* LandmarkRow.swift */ = {isa = PBXFileReference; lastKnownFileType = sourcecode.swift; path = LandmarkRow.swift; sourceTree = "<group>"; };
		185906772B2FE3E3004B2EAC /* landmarkData.json */ = {isa = PBXFileReference; fileEncoding = 4; lastKnownFileType = text.json; path = landmarkData.json; sourceTree = "<group>"; };
		1859067C2B2FEE51004B2EAC /* LandmarkList.swift */ = {isa = PBXFileReference; lastKnownFileType = sourcecode.swift; path = LandmarkList.swift; sourceTree = "<group>"; };
		1859067E2B2FEF52004B2EAC /* LandmarkDetail.swift */ = {isa = PBXFileReference; lastKnownFileType = sourcecode.swift; path = LandmarkDetail.swift; sourceTree = "<group>"; };
		185906802B3011BD004B2EAC /* FavoriteButton.swift */ = {isa = PBXFileReference; lastKnownFileType = sourcecode.swift; path = FavoriteButton.swift; sourceTree = "<group>"; };
		186BB0842B2FCBAD0081B53A /* CircleImge.swift */ = {isa = PBXFileReference; lastKnownFileType = sourcecode.swift; path = CircleImge.swift; sourceTree = "<group>"; };
		186BB0862B2FCCBB0081B53A /* MapView.swift */ = {isa = PBXFileReference; lastKnownFileType = sourcecode.swift; path = MapView.swift; sourceTree = "<group>"; };
		18DF1E482B3F483400491FEC /* HexagonParameters.swift */ = {isa = PBXFileReference; lastKnownFileType = sourcecode.swift; path = HexagonParameters.swift; sourceTree = "<group>"; };
		18DF1E4A2B3F4AED00491FEC /* BadgeBackground.swift */ = {isa = PBXFileReference; lastKnownFileType = sourcecode.swift; path = BadgeBackground.swift; sourceTree = "<group>"; };
/* End PBXFileReference section */

/* Begin PBXFrameworksBuildPhase section */
		1842FDCC2B2D862100FEEB84 /* Frameworks */ = {
			isa = PBXFrameworksBuildPhase;
			buildActionMask = 2147483647;
			files = (
			);
			runOnlyForDeploymentPostprocessing = 0;
		};
/* End PBXFrameworksBuildPhase section */

/* Begin PBXGroup section */
		1842FDC62B2D862100FEEB84 = {
			isa = PBXGroup;
			children = (
				1842FDD12B2D862100FEEB84 /* Landmarks */,
				1842FDD02B2D862100FEEB84 /* Products */,
			);
			sourceTree = "<group>";
		};
		1842FDD02B2D862100FEEB84 /* Products */ = {
			isa = PBXGroup;
			children = (
				1842FDCF2B2D862100FEEB84 /* Landmarks.app */,
			);
			name = Products;
			sourceTree = "<group>";
		};
		1842FDD12B2D862100FEEB84 /* Landmarks */ = {
			isa = PBXGroup;
			children = (
				185906822B3012F2004B2EAC /* Helper */,
				185906722B2FE093004B2EAC /* Model */,
				185906712B2FE056004B2EAC /* Resources */,
				1842FDD22B2D862100FEEB84 /* LandmarksApp.swift */,
				1842FDD62B2D862200FEEB84 /* Assets.xcassets */,
				1859066F2B2FE033004B2EAC /* Views */,
				1842FDD82B2D862200FEEB84 /* Preview Content */,
			);
			path = Landmarks;
			sourceTree = "<group>";
		};
		1842FDD82B2D862200FEEB84 /* Preview Content */ = {
			isa = PBXGroup;
			children = (
				185906612B2FDB09004B2EAC /* landmarkData.json */,
				185906632B2FDB27004B2EAC /* landmarkData.json */,
				185906652B2FDB33004B2EAC /* landmarkData.json */,
				1842FDD92B2D862200FEEB84 /* Preview Assets.xcassets */,
			);
			path = "Preview Content";
			sourceTree = "<group>";
		};
		1859066F2B2FE033004B2EAC /* Views */ = {
			isa = PBXGroup;
			children = (
				1842FDD42B2D862100FEEB84 /* ContentView.swift */,
				185906732B2FE12C004B2EAC /* LandmarkRow.swift */,
				1859067C2B2FEE51004B2EAC /* LandmarkList.swift */,
				1859067E2B2FEF52004B2EAC /* LandmarkDetail.swift */,
				18DF1E482B3F483400491FEC /* HexagonParameters.swift */,
				18DF1E4A2B3F4AED00491FEC /* BadgeBackground.swift */,
			);
			path = Views;
			sourceTree = "<group>";
		};
		185906712B2FE056004B2EAC /* Resources */ = {
			isa = PBXGroup;
			children = (
				185906772B2FE3E3004B2EAC /* landmarkData.json */,
			);
			path = Resources;
			sourceTree = "<group>";
		};
		185906722B2FE093004B2EAC /* Model */ = {
			isa = PBXGroup;
			children = (
				1859066B2B2FDBDE004B2EAC /* Landmark.swift */,
				1859066D2B2FDE23004B2EAC /* ModelData.swift */,
			);
			path = Model;
			sourceTree = "<group>";
		};
		185906822B3012F2004B2EAC /* Helper */ = {
			isa = PBXGroup;
			children = (
				186BB0842B2FCBAD0081B53A /* CircleImge.swift */,
				186BB0862B2FCCBB0081B53A /* MapView.swift */,
				185906802B3011BD004B2EAC /* FavoriteButton.swift */,
			);
			path = Helper;
			sourceTree = "<group>";
		};
/* End PBXGroup section */

/* Begin PBXNativeTarget section */
		1842FDCE2B2D862100FEEB84 /* Landmarks */ = {
			isa = PBXNativeTarget;
			buildConfigurationList = 1842FDDD2B2D862200FEEB84 /* Build configuration list for PBXNativeTarget "Landmarks" */;
			buildPhases = (
				1842FDCB2B2D862100FEEB84 /* Sources */,
				1842FDCC2B2D862100FEEB84 /* Frameworks */,
				1842FDCD2B2D862100FEEB84 /* Resources */,
			);
			buildRules = (
			);
			dependencies = (
			);
			name = Landmarks;
			productName = Landmarks;
			productReference = 1842FDCF2B2D862100FEEB84 /* Landmarks.app */;
			productType = "com.apple.product-type.application";
		};
/* End PBXNativeTarget section */

/* Begin PBXProject section */
		1842FDC72B2D862100FEEB84 /* Project object */ = {
			isa = PBXProject;
			attributes = {
				BuildIndependentTargetsInParallel = 1;
				LastSwiftUpdateCheck = 1510;
				LastUpgradeCheck = 1510;
				TargetAttributes = {
					1842FDCE2B2D862100FEEB84 = {
						CreatedOnToolsVersion = 15.1;
					};
				};
			};
			buildConfigurationList = 1842FDCA2B2D862100FEEB84 /* Build configuration list for PBXProject "Landmarks" */;
			compatibilityVersion = "Xcode 14.0";
			developmentRegion = en;
			hasScannedForEncodings = 0;
			knownRegions = (
				en,
				Base,
			);
			mainGroup = 1842FDC62B2D862100FEEB84;
			productRefGroup = 1842FDD02B2D862100FEEB84 /* Products */;
			projectDirPath = "";
			projectRoot = "";
			targets = (
				1842FDCE2B2D862100FEEB84 /* Landmarks */,
			);
		};
/* End PBXProject section */

/* Begin PBXResourcesBuildPhase section */
		1842FDCD2B2D862100FEEB84 /* Resources */ = {
			isa = PBXResourcesBuildPhase;
			buildActionMask = 2147483647;
			files = (
				185906792B2FE622004B2EAC /* landmarkData.json in Resources */,
				1842FDDA2B2D862200FEEB84 /* Preview Assets.xcassets in Resources */,
				1842FDD72B2D862200FEEB84 /* Assets.xcassets in Resources */,
			);
			runOnlyForDeploymentPostprocessing = 0;
		};
/* End PBXResourcesBuildPhase section */

/* Begin PBXSourcesBuildPhase section */
		1842FDCB2B2D862100FEEB84 /* Sources */ = {
			isa = PBXSourcesBuildPhase;
			buildActionMask = 2147483647;
			files = (
				1842FDD52B2D862100FEEB84 /* ContentView.swift in Sources */,
				186BB0872B2FCCBB0081B53A /* MapView.swift in Sources */,
				1842FDD32B2D862100FEEB84 /* LandmarksApp.swift in Sources */,
				185906812B3011BD004B2EAC /* FavoriteButton.swift in Sources */,
				18DF1E492B3F483400491FEC /* HexagonParameters.swift in Sources */,
				1859067D2B2FEE51004B2EAC /* LandmarkList.swift in Sources */,
				1859067F2B2FEF52004B2EAC /* LandmarkDetail.swift in Sources */,
				18DF1E4B2B3F4AED00491FEC /* BadgeBackground.swift in Sources */,
				186BB0852B2FCBAD0081B53A /* CircleImge.swift in Sources */,
				1859066C2B2FDBDE004B2EAC /* Landmark.swift in Sources */,
				185906742B2FE12C004B2EAC /* LandmarkRow.swift in Sources */,
				1859066E2B2FDE23004B2EAC /* ModelData.swift in Sources */,
			);
			runOnlyForDeploymentPostprocessing = 0;
		};
/* End PBXSourcesBuildPhase section */

/* Begin XCBuildConfiguration section */
		1842FDDB2B2D862200FEEB84 /* Debug */ = {
			isa = XCBuildConfiguration;
			buildSettings = {
				ALWAYS_SEARCH_USER_PATHS = NO;
				ASSETCATALOG_COMPILER_GENERATE_SWIFT_ASSET_SYMBOL_EXTENSIONS = YES;
				CLANG_ANALYZER_NONNULL = YES;
				CLANG_ANALYZER_NUMBER_OBJECT_CONVERSION = YES_AGGRESSIVE;
				CLANG_CXX_LANGUAGE_STANDARD = "gnu++20";
				CLANG_ENABLE_MODULES = YES;
				CLANG_ENABLE_OBJC_ARC = YES;
				CLANG_ENABLE_OBJC_WEAK = YES;
				CLANG_WARN_BLOCK_CAPTURE_AUTORELEASING = YES;
				CLANG_WARN_BOOL_CONVERSION = YES;
				CLANG_WARN_COMMA = YES;
				CLANG_WARN_CONSTANT_CONVERSION = YES;
				CLANG_WARN_DEPRECATED_OBJC_IMPLEMENTATIONS = YES;
				CLANG_WARN_DIRECT_OBJC_ISA_USAGE = YES_ERROR;
				CLANG_WARN_DOCUMENTATION_COMMENTS = YES;
				CLANG_WARN_EMPTY_BODY = YES;
				CLANG_WARN_ENUM_CONVERSION = YES;
				CLANG_WARN_INFINITE_RECURSION = YES;
				CLANG_WARN_INT_CONVERSION = YES;
				CLANG_WARN_NON_LITERAL_NULL_CONVERSION = YES;
				CLANG_WARN_OBJC_IMPLICIT_RETAIN_SELF = YES;
				CLANG_WARN_OBJC_LITERAL_CONVERSION = YES;
				CLANG_WARN_OBJC_ROOT_CLASS = YES_ERROR;
				CLANG_WARN_QUOTED_INCLUDE_IN_FRAMEWORK_HEADER = YES;
				CLANG_WARN_RANGE_LOOP_ANALYSIS = YES;
				CLANG_WARN_STRICT_PROTOTYPES = YES;
				CLANG_WARN_SUSPICIOUS_MOVE = YES;
				CLANG_WARN_UNGUARDED_AVAILABILITY = YES_AGGRESSIVE;
				CLANG_WARN_UNREACHABLE_CODE = YES;
				CLANG_WARN__DUPLICATE_METHOD_MATCH = YES;
				COPY_PHASE_STRIP = NO;
				DEBUG_INFORMATION_FORMAT = dwarf;
				ENABLE_STRICT_OBJC_MSGSEND = YES;
				ENABLE_TESTABILITY = YES;
				ENABLE_USER_SCRIPT_SANDBOXING = YES;
				GCC_C_LANGUAGE_STANDARD = gnu17;
				GCC_DYNAMIC_NO_PIC = NO;
				GCC_NO_COMMON_BLOCKS = YES;
				GCC_OPTIMIZATION_LEVEL = 0;
				GCC_PREPROCESSOR_DEFINITIONS = (
					"DEBUG=1",
					"$(inherited)",
				);
				GCC_WARN_64_TO_32_BIT_CONVERSION = YES;
				GCC_WARN_ABOUT_RETURN_TYPE = YES_ERROR;
				GCC_WARN_UNDECLARED_SELECTOR = YES;
				GCC_WARN_UNINITIALIZED_AUTOS = YES_AGGRESSIVE;
				GCC_WARN_UNUSED_FUNCTION = YES;
				GCC_WARN_UNUSED_VARIABLE = YES;
				IPHONEOS_DEPLOYMENT_TARGET = 17.2;
				LOCALIZATION_PREFERS_STRING_CATALOGS = YES;
				MTL_ENABLE_DEBUG_INFO = INCLUDE_SOURCE;
				MTL_FAST_MATH = YES;
				ONLY_ACTIVE_ARCH = YES;
				SDKROOT = iphoneos;
				SWIFT_ACTIVE_COMPILATION_CONDITIONS = "DEBUG $(inherited)";
				SWIFT_OPTIMIZATION_LEVEL = "-Onone";
			};
			name = Debug;
		};
		1842FDDC2B2D862200FEEB84 /* Release */ = {
			isa = XCBuildConfiguration;
			buildSettings = {
				ALWAYS_SEARCH_USER_PATHS = NO;
				ASSETCATALOG_COMPILER_GENERATE_SWIFT_ASSET_SYMBOL_EXTENSIONS = YES;
				CLANG_ANALYZER_NONNULL = YES;
				CLANG_ANALYZER_NUMBER_OBJECT_CONVERSION = YES_AGGRESSIVE;
				CLANG_CXX_LANGUAGE_STANDARD = "gnu++20";
				CLANG_ENABLE_MODULES = YES;
				CLANG_ENABLE_OBJC_ARC = YES;
				CLANG_ENABLE_OBJC_WEAK = YES;
				CLANG_WARN_BLOCK_CAPTURE_AUTORELEASING = YES;
				CLANG_WARN_BOOL_CONVERSION = YES;
				CLANG_WARN_COMMA = YES;
				CLANG_WARN_CONSTANT_CONVERSION = YES;
				CLANG_WARN_DEPRECATED_OBJC_IMPLEMENTATIONS = YES;
				CLANG_WARN_DIRECT_OBJC_ISA_USAGE = YES_ERROR;
				CLANG_WARN_DOCUMENTATION_COMMENTS = YES;
				CLANG_WARN_EMPTY_BODY = YES;
				CLANG_WARN_ENUM_CONVERSION = YES;
				CLANG_WARN_INFINITE_RECURSION = YES;
				CLANG_WARN_INT_CONVERSION = YES;
				CLANG_WARN_NON_LITERAL_NULL_CONVERSION = YES;
				CLANG_WARN_OBJC_IMPLICIT_RETAIN_SELF = YES;
				CLANG_WARN_OBJC_LITERAL_CONVERSION = YES;
				CLANG_WARN_OBJC_ROOT_CLASS = YES_ERROR;
				CLANG_WARN_QUOTED_INCLUDE_IN_FRAMEWORK_HEADER = YES;
				CLANG_WARN_RANGE_LOOP_ANALYSIS = YES;
				CLANG_WARN_STRICT_PROTOTYPES = YES;
				CLANG_WARN_SUSPICIOUS_MOVE = YES;
				CLANG_WARN_UNGUARDED_AVAILABILITY = YES_AGGRESSIVE;
				CLANG_WARN_UNREACHABLE_CODE = YES;
				CLANG_WARN__DUPLICATE_METHOD_MATCH = YES;
				COPY_PHASE_STRIP = NO;
				DEBUG_INFORMATION_FORMAT = "dwarf-with-dsym";
				ENABLE_NS_ASSERTIONS = NO;
				ENABLE_STRICT_OBJC_MSGSEND = YES;
				ENABLE_USER_SCRIPT_SANDBOXING = YES;
				GCC_C_LANGUAGE_STANDARD = gnu17;
				GCC_NO_COMMON_BLOCKS = YES;
				GCC_WARN_64_TO_32_BIT_CONVERSION = YES;
				GCC_WARN_ABOUT_RETURN_TYPE = YES_ERROR;
				GCC_WARN_UNDECLARED_SELECTOR = YES;
				GCC_WARN_UNINITIALIZED_AUTOS = YES_AGGRESSIVE;
				GCC_WARN_UNUSED_FUNCTION = YES;
				GCC_WARN_UNUSED_VARIABLE = YES;
				IPHONEOS_DEPLOYMENT_TARGET = 17.2;
				LOCALIZATION_PREFERS_STRING_CATALOGS = YES;
				MTL_ENABLE_DEBUG_INFO = NO;
				MTL_FAST_MATH = YES;
				SDKROOT = iphoneos;
				SWIFT_COMPILATION_MODE = wholemodule;
				VALIDATE_PRODUCT = YES;
			};
			name = Release;
		};
		1842FDDE2B2D862200FEEB84 /* Debug */ = {
			isa = XCBuildConfiguration;
			buildSettings = {
				ASSETCATALOG_COMPILER_APPICON_NAME = AppIcon;
				ASSETCATALOG_COMPILER_GLOBAL_ACCENT_COLOR_NAME = AccentColor;
				CODE_SIGN_STYLE = Automatic;
				CURRENT_PROJECT_VERSION = 1;
				DEVELOPMENT_ASSET_PATHS = "Landmarks/Resources/landmarkData.json Landmarks/Preview\\ Content";
				DEVELOPMENT_TEAM = Z42PKS28SG;
				ENABLE_PREVIEWS = YES;
				GENERATE_INFOPLIST_FILE = YES;
				INFOPLIST_KEY_UIApplicationSceneManifest_Generation = YES;
				INFOPLIST_KEY_UIApplicationSupportsIndirectInputEvents = YES;
				INFOPLIST_KEY_UILaunchScreen_Generation = YES;
				INFOPLIST_KEY_UISupportedInterfaceOrientations_iPad = "UIInterfaceOrientationPortrait UIInterfaceOrientationPortraitUpsideDown UIInterfaceOrientationLandscapeLeft UIInterfaceOrientationLandscapeRight";
				INFOPLIST_KEY_UISupportedInterfaceOrientations_iPhone = "UIInterfaceOrientationPortrait UIInterfaceOrientationLandscapeLeft UIInterfaceOrientationLandscapeRight";
				LD_RUNPATH_SEARCH_PATHS = (
					"$(inherited)",
					"@executable_path/Frameworks",
				);
				MARKETING_VERSION = 1.0;
				PRODUCT_BUNDLE_IDENTIFIER = is.hiichr.Landmarks;
				PRODUCT_NAME = "$(TARGET_NAME)";
				SWIFT_EMIT_LOC_STRINGS = YES;
				SWIFT_VERSION = 5.0;
				TARGETED_DEVICE_FAMILY = "1,2";
			};
			name = Debug;
		};
		1842FDDF2B2D862200FEEB84 /* Release */ = {
			isa = XCBuildConfiguration;
			buildSettings = {
				ASSETCATALOG_COMPILER_APPICON_NAME = AppIcon;
				ASSETCATALOG_COMPILER_GLOBAL_ACCENT_COLOR_NAME = AccentColor;
				CODE_SIGN_STYLE = Automatic;
				CURRENT_PROJECT_VERSION = 1;
				DEVELOPMENT_ASSET_PATHS = "Landmarks/Resources/landmarkData.json Landmarks/Preview\\ Content";
				DEVELOPMENT_TEAM = Z42PKS28SG;
				ENABLE_PREVIEWS = YES;
				GENERATE_INFOPLIST_FILE = YES;
				INFOPLIST_KEY_UIApplicationSceneManifest_Generation = YES;
				INFOPLIST_KEY_UIApplicationSupportsIndirectInputEvents = YES;
				INFOPLIST_KEY_UILaunchScreen_Generation = YES;
				INFOPLIST_KEY_UISupportedInterfaceOrientations_iPad = "UIInterfaceOrientationPortrait UIInterfaceOrientationPortraitUpsideDown UIInterfaceOrientationLandscapeLeft UIInterfaceOrientationLandscapeRight";
				INFOPLIST_KEY_UISupportedInterfaceOrientations_iPhone = "UIInterfaceOrientationPortrait UIInterfaceOrientationLandscapeLeft UIInterfaceOrientationLandscapeRight";
				LD_RUNPATH_SEARCH_PATHS = (
					"$(inherited)",
					"@executable_path/Frameworks",
				);
				MARKETING_VERSION = 1.0;
				PRODUCT_BUNDLE_IDENTIFIER = is.hiichr.Landmarks;
				PRODUCT_NAME = "$(TARGET_NAME)";
				SWIFT_EMIT_LOC_STRINGS = YES;
				SWIFT_VERSION = 5.0;
				TARGETED_DEVICE_FAMILY = "1,2";
			};
			name = Release;
		};
/* End XCBuildConfiguration section */

/* Begin XCConfigurationList section */
		1842FDCA2B2D862100FEEB84 /* Build configuration list for PBXProject "Landmarks" */ = {
			isa = XCConfigurationList;
			buildConfigurations = (
				1842FDDB2B2D862200FEEB84 /* Debug */,
				1842FDDC2B2D862200FEEB84 /* Release */,
			);
			defaultConfigurationIsVisible = 0;
			defaultConfigurationName = Release;
		};
		1842FDDD2B2D862200FEEB84 /* Build configuration list for PBXNativeTarget "Landmarks" */ = {
			isa = XCConfigurationList;
			buildConfigurations = (
				1842FDDE2B2D862200FEEB84 /* Debug */,
				1842FDDF2B2D862200FEEB84 /* Release */,
			);
			defaultConfigurationIsVisible = 0;
			defaultConfigurationName = Release;
		};
/* End XCConfigurationList section */
	};
	rootObject = 1842FDC72B2D862100FEEB84 /* Project object */;
}
